
Microsoft Visual Studio Solution File, Format Version 12.00
# Visual Studio 15
VisualStudioVersion = 15.0.28010.2003
MinimumVisualStudioVersion = 10.0.40219.1
Project("{FAE04EC0-301F-11D3-BF4B-00C04F79EFBC}") = "SudokuEliteSolver", "SudokuEliteSolver\SudokuEliteSolver.csproj", "{C2E53FF5-FB2D-4183-83DE-5AB7E8F3F3FC}"
EndProject
Project("{FAE04EC0-301F-11D3-BF4B-00C04F79EFBC}") = "HardSudokuSolver", "HardSudokuSolver\HardSudokuSolver.csproj", "{F63A81A7-0381-4D51-A975-2BF9E42E2A19}"
EndProject
Global
	GlobalSection(SolutionConfigurationPlatforms) = preSolution
		Debug|Any CPU = Debug|Any CPU
		Release|Any CPU = Release|Any CPU
	EndGlobalSection
	GlobalSection(ProjectConfigurationPlatforms) = postSolution
		{C2E53FF5-FB2D-4183-83DE-5AB7E8F3F3FC}.Debug|Any CPU.ActiveCfg = Debug|Any CPU
		{C2E53FF5-FB2D-4183-83DE-5AB7E8F3F3FC}.Debug|Any CPU.Build.0 = Debug|Any CPU
		{C2E53FF5-FB2D-4183-83DE-5AB7E8F3F3FC}.Release|Any CPU.ActiveCfg = Release|Any CPU
		{C2E53FF5-FB2D-4183-83DE-5AB7E8F3F3FC}.Release|Any CPU.Build.0 = Release|Any CPU
		{F63A81A7-0381-4D51-A975-2BF9E42E2A19}.Debug|Any CPU.ActiveCfg = Debug|Any CPU
		{F63A81A7-0381-4D51-A975-2BF9E42E2A19}.Debug|Any CPU.Build.0 = Debug|Any CPU
		{F63A81A7-0381-4D51-A975-2BF9E42E2A19}.Release|Any CPU.ActiveCfg = Release|Any CPU
		{F63A81A7-0381-4D51-A975-2BF9E42E2A19}.Release|Any CPU.Build.0 = Release|Any CPU
	EndGlobalSection
	GlobalSection(SolutionProperties) = preSolution
		HideSolutionNode = FALSE
	EndGlobalSection
	GlobalSection(ExtensibilityGlobals) = postSolution
		SolutionGuid = {C5267508-B3F7-4ECE-B22F-339F54ADE485}
	EndGlobalSection
EndGlobal
